
Microsoft Visual Studio Solution File, Format Version 12.00
# Visual Studio Version 17
VisualStudioVersion = 17.14.36511.14
MinimumVisualStudioVersion = 10.0.40219.1
Project("{FAE04EC0-301F-11D3-BF4B-00C04F79EFBC}") = "Client", "Client\Client.csproj", "{A3002570-7C09-4B52-B86F-F55FC6022485}"
EndProject
Project("{FAE04EC0-301F-11D3-BF4B-00C04F79EFBC}") = "Server", "Server\Server.csproj", "{262F1AD8-D9D1-40D3-AF60-D8ADA0612BD5}"
EndProject
Global
	GlobalSection(SolutionConfigurationPlatforms) = preSolution
		Debug|Any CPU = Debug|Any CPU
		Release|Any CPU = Release|Any CPU
	EndGlobalSection
	GlobalSection(ProjectConfigurationPlatforms) = postSolution
		{A3002570-7C09-4B52-B86F-F55FC6022485}.Debug|Any CPU.ActiveCfg = Debug|Any CPU
		{A3002570-7C09-4B52-B86F-F55FC6022485}.Debug|Any CPU.Build.0 = Debug|Any CPU
		{A3002570-7C09-4B52-B86F-F55FC6022485}.Release|Any CPU.ActiveCfg = Release|Any CPU
		{A3002570-7C09-4B52-B86F-F55FC6022485}.Release|Any CPU.Build.0 = Release|Any CPU
		{262F1AD8-D9D1-40D3-AF60-D8ADA0612BD5}.Debug|Any CPU.ActiveCfg = Debug|Any CPU
		{262F1AD8-D9D1-40D3-AF60-D8ADA0612BD5}.Debug|Any CPU.Build.0 = Debug|Any CPU
		{262F1AD8-D9D1-40D3-AF60-D8ADA0612BD5}.Release|Any CPU.ActiveCfg = Release|Any CPU
		{262F1AD8-D9D1-40D3-AF60-D8ADA0612BD5}.Release|Any CPU.Build.0 = Release|Any CPU
	EndGlobalSection
	GlobalSection(SolutionProperties) = preSolution
		HideSolutionNode = FALSE
	EndGlobalSection
	GlobalSection(ExtensibilityGlobals) = postSolution
		SolutionGuid = {5FD2BF75-CD38-408C-8B25-184502844203}
	EndGlobalSection
EndGlobal
